# This file is autogenerated, do not edit; changes may be undone by the next 'dep ensure'.


[[projects]]
  digest = "1:239c4c7fd2159585454003d9be7207167970194216193a8a210b8d29576f19c9"
  name = "github.com/golang/protobuf"
  packages = [
    "proto",
    "ptypes",
    "ptypes/any",
    "ptypes/duration",
    "ptypes/timestamp",
  ]
  pruneopts = "UT"
  revision = "b5d812f8a3706043e23a9cd5babf2e5423744d30"
  version = "v1.3.1"

[[projects]]
  digest = "1:4e39fc989983561696593007bf93783328db5b97334e2347474bebcaee1d0fc2"
  name = "github.com/pions/dtls"
  packages = [
    "pkg/dtls",
    "pkg/dtls/internal/udp",
  ]
  pruneopts = "UT"
  revision = "26f587e06ed18c66b388cf537b80f6f8e3c4365f"
  version = "v1.0.2"

[[projects]]
  branch = "master"
  digest = "1:940b5484cd8b148a6e228e4334bf2f34d85d4659c2b61a2c26361aa6021a5a25"
  name = "github.com/pions/pkg"
  packages = ["stun"]
  pruneopts = "UT"
  revision = "f0a98342fda84db0c7c1dd65ac227945763b3d0c"

[[projects]]
  digest = "1:713e09f2cdfd943d7f496aded83ad291ca5c79fe9e61bf14c7096e6b8324a6a2"
  name = "github.com/pions/webrtc"
  packages = [
    ".",
    "examples/util",
    "internal/datachannel",
    "internal/mux",
    "internal/network",
    "internal/sctp",
    "internal/sdp",
    "internal/srtp",
    "internal/util",
    "pkg/datachannel",
    "pkg/ice",
    "pkg/media",
    "pkg/rtcerr",
    "pkg/rtcp",
    "pkg/rtp",
    "pkg/rtp/codecs",
  ]
  pruneopts = "UT"
  revision = "7d19be0bca79fa3660a90a846f9d5ec3a53e12b7"
  version = "v1.2.0"

[[projects]]
  digest = "1:cf31692c14422fa27c83a05292eb5cbe0fb2775972e8f1f8446a71549bd8980b"
  name = "github.com/pkg/errors"
  packages = ["."]
  pruneopts = "UT"
  revision = "ba968bfe8b2f7e042a574c888954fccecfa385b4"
  version = "v0.8.1"

[[projects]]
  digest = "1:b24d38b282bacf9791408a080f606370efa3d364e4b5fd9ba0f7b87786d3b679"
  name = "github.com/urfave/cli"
  packages = ["."]
  pruneopts = "UT"
  revision = "cfb38830724cc34fedffe9a2a29fb54fa9169cd1"
  version = "v1.20.0"

[[projects]]
  branch = "master"
  digest = "1:49c0accb0c0098733a4033474f7df0b9db8c688a977840ccae378632237a315e"
  name = "golang.org/x/crypto"
  packages = ["curve25519"]
  pruneopts = "UT"
  revision = "b7391e95e576cacdcdd422573063bc057239113d"

[[projects]]
  branch = "master"
  digest = "1:5c33f938f8dcbbe5c8f952991e0c46c32aae69462d05ec91e688ec102ee5d40e"
  name = "golang.org/x/net"
  packages = [
    "bpf",
    "http/httpguts",
    "http2",
    "http2/hpack",
    "idna",
    "internal/iana",
    "internal/socket",
    "internal/timeseries",
    "ipv4",
    "trace",
  ]
  pruneopts = "UT"
  revision = "addf6b3196f61cd44ce5a76657913698c73479d0"

[[projects]]
  branch = "master"
  digest = "1:3e01c69b34e7c3fa4b7a118ca95a6beaecea00f7f4fb701545d83eacd3badb3c"
  name = "golang.org/x/sys"
  packages = ["unix"]
  pruneopts = "UT"
  revision = "97732733099d6a942a73b889770774366de963ed"

[[projects]]
  digest = "1:a2ab62866c75542dd18d2b069fec854577a20211d7c0ea6ae746072a1dccdd18"
  name = "golang.org/x/text"
  packages = [
    "collate",
    "collate/build",
    "internal/colltab",
    "internal/gen",
    "internal/tag",
    "internal/triegen",
    "internal/ucd",
    "language",
    "secure/bidirule",
    "transform",
    "unicode/bidi",
    "unicode/cldr",
    "unicode/norm",
    "unicode/rangetable",
  ]
  pruneopts = "UT"
  revision = "f21a4dfb5e38f5895301dc265a8def02365cc3d0"
  version = "v0.3.0"

[[projects]]
  branch = "master"
  digest = "1:c3076e7defee87de1236f1814beb588f40a75544c60121e6eb38b3b3721783e2"
  name = "google.golang.org/genproto"
  packages = ["googleapis/rpc/status"]
  pruneopts = "UT"
  revision = "64821d5d210748c883cd2b809589555ae4654203"

[[projects]]
  digest = "1:31d87f39886fb38a2b6c097ff3b9f985d6960772170d64a68246f7790e955746"
  name = "google.golang.org/grpc"
  packages = [
    ".",
    "balancer",
    "balancer/base",
    "balancer/roundrobin",
    "binarylog/grpc_binarylog_v1",
    "codes",
    "connectivity",
    "credentials",
    "credentials/internal",
    "encoding",
    "encoding/proto",
    "grpclog",
    "internal",
    "internal/backoff",
    "internal/balancerload",
    "internal/binarylog",
    "internal/channelz",
    "internal/envconfig",
    "internal/grpcrand",
    "internal/grpcsync",
    "internal/syscall",
    "internal/transport",
    "keepalive",
    "metadata",
    "naming",
    "peer",
    "resolver",
    "resolver/dns",
    "resolver/passthrough",
    "stats",
    "status",
    "tap",
  ]
  pruneopts = "UT"
  revision = "236199dd5f8031d698fb64091194aecd1c3895b2"
  version = "v1.20.0"

[solve-meta]
  analyzer-name = "dep"
  analyzer-version = 1
  input-imports = [
    "github.com/golang/protobuf/proto",
    "github.com/pions/webrtc",
    "github.com/pions/webrtc/examples/util",
    "github.com/pions/webrtc/pkg/datachannel",
    "github.com/pions/webrtc/pkg/ice",
    "github.com/urfave/cli",
    "google.golang.org/grpc",
    "google.golang.org/grpc/codes",
    "google.golang.org/grpc/status",
  ]
  solver-name = "gps-cdcl"
  solver-version = 1
